
Microsoft Visual Studio Solution File, Format Version 12.00
# Visual Studio Version 17
VisualStudioVersion = 17.9.34511.98
MinimumVisualStudioVersion = 10.0.40219.1
Project("{FAE04EC0-301F-11D3-BF4B-00C04F79EFBC}") = "BluePoints-API", "BluePoints-API\BluePoints-API.csproj", "{4CE6811A-62A8-4413-8DC3-6412A7544FBB}"
EndProject
Global
	GlobalSection(SolutionConfigurationPlatforms) = preSolution
		Debug|Any CPU = Debug|Any CPU
		Release|Any CPU = Release|Any CPU
	EndGlobalSection
	GlobalSection(ProjectConfigurationPlatforms) = postSolution
		{4CE6811A-62A8-4413-8DC3-6412A7544FBB}.Debug|Any CPU.ActiveCfg = Debug|Any CPU
		{4CE6811A-62A8-4413-8DC3-6412A7544FBB}.Debug|Any CPU.Build.0 = Debug|Any CPU
		{4CE6811A-62A8-4413-8DC3-6412A7544FBB}.Release|Any CPU.ActiveCfg = Release|Any CPU
		{4CE6811A-62A8-4413-8DC3-6412A7544FBB}.Release|Any CPU.Build.0 = Release|Any CPU
	EndGlobalSection
	GlobalSection(SolutionProperties) = preSolution
		HideSolutionNode = FALSE
	EndGlobalSection
	GlobalSection(ExtensibilityGlobals) = postSolution
		SolutionGuid = {A18DACA0-2325-439C-BD1C-484765CC77D9}
	EndGlobalSection
EndGlobal
